
Microsoft Visual Studio Solution File, Format Version 12.00
# Visual Studio Version 16
VisualStudioVersion = 16.0.33801.447
MinimumVisualStudioVersion = 10.0.40219.1
Project("{FAE04EC0-301F-11D3-BF4B-00C04F79EFBC}") = "Day08", "Day08\Day08.csproj", "{F5492D86-2DD8-4672-B858-8CA30F167454}"
EndProject
Global
	GlobalSection(SolutionConfigurationPlatforms) = preSolution
		Debug|Any CPU = Debug|Any CPU
		Debug|x64 = Debug|x64
		Debug|x86 = Debug|x86
		Release|Any CPU = Release|Any CPU
		Release|x64 = Release|x64
		Release|x86 = Release|x86
	EndGlobalSection
	GlobalSection(ProjectConfigurationPlatforms) = postSolution
		{F5492D86-2DD8-4672-B858-8CA30F167454}.Debug|Any CPU.ActiveCfg = Debug|Any CPU
		{F5492D86-2DD8-4672-B858-8CA30F167454}.Debug|Any CPU.Build.0 = Debug|Any CPU
		{F5492D86-2DD8-4672-B858-8CA30F167454}.Debug|x64.ActiveCfg = Debug|x64
		{F5492D86-2DD8-4672-B858-8CA30F167454}.Debug|x64.Build.0 = Debug|x64
		{F5492D86-2DD8-4672-B858-8CA30F167454}.Debug|x86.ActiveCfg = Debug|Any CPU
		{F5492D86-2DD8-4672-B858-8CA30F167454}.Debug|x86.Build.0 = Debug|Any CPU
		{F5492D86-2DD8-4672-B858-8CA30F167454}.Release|Any CPU.ActiveCfg = Release|Any CPU
		{F5492D86-2DD8-4672-B858-8CA30F167454}.Release|Any CPU.Build.0 = Release|Any CPU
		{F5492D86-2DD8-4672-B858-8CA30F167454}.Release|x64.ActiveCfg = Release|x64
		{F5492D86-2DD8-4672-B858-8CA30F167454}.Release|x64.Build.0 = Release|x64
		{F5492D86-2DD8-4672-B858-8CA30F167454}.Release|x86.ActiveCfg = Release|x86
		{F5492D86-2DD8-4672-B858-8CA30F167454}.Release|x86.Build.0 = Release|x86
	EndGlobalSection
	GlobalSection(SolutionProperties) = preSolution
		HideSolutionNode = FALSE
	EndGlobalSection
	GlobalSection(ExtensibilityGlobals) = postSolution
		SolutionGuid = {8B00E0DB-DCDF-40FD-BB95-D07C06D7DBF9}
	EndGlobalSection
EndGlobal
