
Microsoft Visual Studio Solution File, Format Version 12.00
# Visual Studio Version 16
VisualStudioVersion = 16.0.33801.447
MinimumVisualStudioVersion = 10.0.40219.1
Project("{FAE04EC0-301F-11D3-BF4B-00C04F79EFBC}") = "Hello", "Hello\Hello.csproj", "{21F8749D-9F2A-4BE6-B95B-1B29F43F5D28}"
EndProject
Project("{FAE04EC0-301F-11D3-BF4B-00C04F79EFBC}") = "DataType1", "DataType1\DataType1.csproj", "{45A54170-DCA9-4E53-8152-F2CE95806C6F}"
EndProject
Global
	GlobalSection(SolutionConfigurationPlatforms) = preSolution
		Debug|Any CPU = Debug|Any CPU
		Release|Any CPU = Release|Any CPU
	EndGlobalSection
	GlobalSection(ProjectConfigurationPlatforms) = postSolution
		{21F8749D-9F2A-4BE6-B95B-1B29F43F5D28}.Debug|Any CPU.ActiveCfg = Debug|Any CPU
		{21F8749D-9F2A-4BE6-B95B-1B29F43F5D28}.Debug|Any CPU.Build.0 = Debug|Any CPU
		{21F8749D-9F2A-4BE6-B95B-1B29F43F5D28}.Release|Any CPU.ActiveCfg = Release|Any CPU
		{21F8749D-9F2A-4BE6-B95B-1B29F43F5D28}.Release|Any CPU.Build.0 = Release|Any CPU
		{45A54170-DCA9-4E53-8152-F2CE95806C6F}.Debug|Any CPU.ActiveCfg = Debug|Any CPU
		{45A54170-DCA9-4E53-8152-F2CE95806C6F}.Debug|Any CPU.Build.0 = Debug|Any CPU
		{45A54170-DCA9-4E53-8152-F2CE95806C6F}.Release|Any CPU.ActiveCfg = Release|Any CPU
		{45A54170-DCA9-4E53-8152-F2CE95806C6F}.Release|Any CPU.Build.0 = Release|Any CPU
	EndGlobalSection
	GlobalSection(SolutionProperties) = preSolution
		HideSolutionNode = FALSE
	EndGlobalSection
	GlobalSection(ExtensibilityGlobals) = postSolution
		SolutionGuid = {1964FF13-BA9B-4991-8BA2-8F5CE46962E7}
	EndGlobalSection
EndGlobal
