
Microsoft Visual Studio Solution File, Format Version 12.00
# Visual Studio Version 16
VisualStudioVersion = 16.0.33801.447
MinimumVisualStudioVersion = 10.0.40219.1
Project("{FAE04EC0-301F-11D3-BF4B-00C04F79EFBC}") = "Day10", "Day10\Day10.csproj", "{8B6B7829-FEF0-495E-A723-378E39CA4A18}"
EndProject
Global
	GlobalSection(SolutionConfigurationPlatforms) = preSolution
		Debug|Any CPU = Debug|Any CPU
		Release|Any CPU = Release|Any CPU
	EndGlobalSection
	GlobalSection(ProjectConfigurationPlatforms) = postSolution
		{8B6B7829-FEF0-495E-A723-378E39CA4A18}.Debug|Any CPU.ActiveCfg = Debug|Any CPU
		{8B6B7829-FEF0-495E-A723-378E39CA4A18}.Debug|Any CPU.Build.0 = Debug|Any CPU
		{8B6B7829-FEF0-495E-A723-378E39CA4A18}.Release|Any CPU.ActiveCfg = Release|Any CPU
		{8B6B7829-FEF0-495E-A723-378E39CA4A18}.Release|Any CPU.Build.0 = Release|Any CPU
	EndGlobalSection
	GlobalSection(SolutionProperties) = preSolution
		HideSolutionNode = FALSE
	EndGlobalSection
	GlobalSection(ExtensibilityGlobals) = postSolution
		SolutionGuid = {F37E356F-AED7-4021-8C3A-87056605C94B}
	EndGlobalSection
EndGlobal
